
Microsoft Visual Studio Solution File, Format Version 12.00
# Visual Studio Version 17
VisualStudioVersion = 17.8.34330.188
MinimumVisualStudioVersion = 10.0.40219.1
Project("{FAE04EC0-301F-11D3-BF4B-00C04F79EFBC}") = "ProyectoFinal", "ProyectoFinal\ProyectoFinal.csproj", "{6FE51FC3-3B9A-47CE-8008-6E488A305C03}"
EndProject
Global
	GlobalSection(SolutionConfigurationPlatforms) = preSolution
		Debug|Any CPU = Debug|Any CPU
		Release|Any CPU = Release|Any CPU
	EndGlobalSection
	GlobalSection(ProjectConfigurationPlatforms) = postSolution
		{6FE51FC3-3B9A-47CE-8008-6E488A305C03}.Debug|Any CPU.ActiveCfg = Debug|Any CPU
		{6FE51FC3-3B9A-47CE-8008-6E488A305C03}.Debug|Any CPU.Build.0 = Debug|Any CPU
		{6FE51FC3-3B9A-47CE-8008-6E488A305C03}.Release|Any CPU.ActiveCfg = Release|Any CPU
		{6FE51FC3-3B9A-47CE-8008-6E488A305C03}.Release|Any CPU.Build.0 = Release|Any CPU
	EndGlobalSection
	GlobalSection(SolutionProperties) = preSolution
		HideSolutionNode = FALSE
	EndGlobalSection
	GlobalSection(ExtensibilityGlobals) = postSolution
		SolutionGuid = {D898FEC9-1CE6-42A4-B8B0-0E7DDBDF79DF}
	EndGlobalSection
EndGlobal
